
Microsoft Visual Studio Solution File, Format Version 12.00
# Visual Studio Version 17
VisualStudioVersion = 17.0.31903.59
MinimumVisualStudioVersion = 10.0.40219.1
Project("{FAE04EC0-301F-11D3-BF4B-00C04F79EFBC}") = "Application", "Application\Application.csproj", "{0CADA375-9276-4EBA-8A06-A282A597F3D8}"
EndProject
Project("{FAE04EC0-301F-11D3-BF4B-00C04F79EFBC}") = "Infrastructure", "Infrastructure\Infrastructure.csproj", "{D7345822-0539-473B-AC7D-2FF65E685206}"
EndProject
Project("{FAE04EC0-301F-11D3-BF4B-00C04F79EFBC}") = "Requirements", "Requirements\Requirements.csproj", "{A14681D5-E425-4FCD-869F-9C3ED3EC9A47}"
EndProject
Project("{FAE04EC0-301F-11D3-BF4B-00C04F79EFBC}") = "API", "API\API.csproj", "{EB3E00A6-BA8D-462B-8DDD-32E5910B2BAB}"
EndProject
Project("{FAE04EC0-301F-11D3-BF4B-00C04F79EFBC}") = "Shared", "Shared\Shared.csproj", "{8A4BD17E-C7CC-470A-AC11-680CCA2BD1D5}"
EndProject
Project("{2150E333-8FDC-42A3-9474-1A3956D46DE8}") = "Tests", "Tests", "{4B91E845-5E1E-44BF-B4F7-94CF40B91EF1}"
EndProject
Project("{FAE04EC0-301F-11D3-BF4B-00C04F79EFBC}") = "UnitTests", "Tests\UnitTests\UnitTests.csproj", "{6E0CD938-20F2-4B67-9585-60E92DDE8387}"
EndProject
Project("{FAE04EC0-301F-11D3-BF4B-00C04F79EFBC}") = "Application.Interfaces", "Application.Interfaces\Application.Interfaces.csproj", "{4A5BB24D-CDE0-4882-BCB3-7D0EDA03311D}"
EndProject
Global
	GlobalSection(SolutionConfigurationPlatforms) = preSolution
		Debug|Any CPU = Debug|Any CPU
		Release|Any CPU = Release|Any CPU
	EndGlobalSection
	GlobalSection(SolutionProperties) = preSolution
		HideSolutionNode = FALSE
	EndGlobalSection
	GlobalSection(ProjectConfigurationPlatforms) = postSolution
		{0CADA375-9276-4EBA-8A06-A282A597F3D8}.Debug|Any CPU.ActiveCfg = Debug|Any CPU
		{0CADA375-9276-4EBA-8A06-A282A597F3D8}.Debug|Any CPU.Build.0 = Debug|Any CPU
		{0CADA375-9276-4EBA-8A06-A282A597F3D8}.Release|Any CPU.ActiveCfg = Release|Any CPU
		{0CADA375-9276-4EBA-8A06-A282A597F3D8}.Release|Any CPU.Build.0 = Release|Any CPU
		{D7345822-0539-473B-AC7D-2FF65E685206}.Debug|Any CPU.ActiveCfg = Debug|Any CPU
		{D7345822-0539-473B-AC7D-2FF65E685206}.Debug|Any CPU.Build.0 = Debug|Any CPU
		{D7345822-0539-473B-AC7D-2FF65E685206}.Release|Any CPU.ActiveCfg = Release|Any CPU
		{D7345822-0539-473B-AC7D-2FF65E685206}.Release|Any CPU.Build.0 = Release|Any CPU
		{A14681D5-E425-4FCD-869F-9C3ED3EC9A47}.Debug|Any CPU.ActiveCfg = Debug|Any CPU
		{A14681D5-E425-4FCD-869F-9C3ED3EC9A47}.Debug|Any CPU.Build.0 = Debug|Any CPU
		{A14681D5-E425-4FCD-869F-9C3ED3EC9A47}.Release|Any CPU.ActiveCfg = Release|Any CPU
		{A14681D5-E425-4FCD-869F-9C3ED3EC9A47}.Release|Any CPU.Build.0 = Release|Any CPU
		{EB3E00A6-BA8D-462B-8DDD-32E5910B2BAB}.Debug|Any CPU.ActiveCfg = Debug|Any CPU
		{EB3E00A6-BA8D-462B-8DDD-32E5910B2BAB}.Debug|Any CPU.Build.0 = Debug|Any CPU
		{EB3E00A6-BA8D-462B-8DDD-32E5910B2BAB}.Release|Any CPU.ActiveCfg = Release|Any CPU
		{EB3E00A6-BA8D-462B-8DDD-32E5910B2BAB}.Release|Any CPU.Build.0 = Release|Any CPU
		{8A4BD17E-C7CC-470A-AC11-680CCA2BD1D5}.Debug|Any CPU.ActiveCfg = Debug|Any CPU
		{8A4BD17E-C7CC-470A-AC11-680CCA2BD1D5}.Debug|Any CPU.Build.0 = Debug|Any CPU
		{8A4BD17E-C7CC-470A-AC11-680CCA2BD1D5}.Release|Any CPU.ActiveCfg = Release|Any CPU
		{8A4BD17E-C7CC-470A-AC11-680CCA2BD1D5}.Release|Any CPU.Build.0 = Release|Any CPU
		{6E0CD938-20F2-4B67-9585-60E92DDE8387}.Debug|Any CPU.ActiveCfg = Debug|Any CPU
		{6E0CD938-20F2-4B67-9585-60E92DDE8387}.Debug|Any CPU.Build.0 = Debug|Any CPU
		{6E0CD938-20F2-4B67-9585-60E92DDE8387}.Release|Any CPU.ActiveCfg = Release|Any CPU
		{6E0CD938-20F2-4B67-9585-60E92DDE8387}.Release|Any CPU.Build.0 = Release|Any CPU
		{4A5BB24D-CDE0-4882-BCB3-7D0EDA03311D}.Debug|Any CPU.ActiveCfg = Debug|Any CPU
		{4A5BB24D-CDE0-4882-BCB3-7D0EDA03311D}.Debug|Any CPU.Build.0 = Debug|Any CPU
		{4A5BB24D-CDE0-4882-BCB3-7D0EDA03311D}.Release|Any CPU.ActiveCfg = Release|Any CPU
		{4A5BB24D-CDE0-4882-BCB3-7D0EDA03311D}.Release|Any CPU.Build.0 = Release|Any CPU
	EndGlobalSection
	GlobalSection(NestedProjects) = preSolution
		{6E0CD938-20F2-4B67-9585-60E92DDE8387} = {4B91E845-5E1E-44BF-B4F7-94CF40B91EF1}
	EndGlobalSection
EndGlobal
