
Microsoft Visual Studio Solution File, Format Version 12.00
# Visual Studio Version 17
VisualStudioVersion = 17.0.31903.59
MinimumVisualStudioVersion = 10.0.40219.1
Project("{FAE04EC0-301F-11D3-BF4B-00C04F79EFBC}") = "Api", "Api\Api.csproj", "{78C74FC0-58AD-415D-93AB-0D2A9AEF5CD1}"
EndProject
Project("{FAE04EC0-301F-11D3-BF4B-00C04F79EFBC}") = "Domain", "Domain\Domain.csproj", "{2FEEE04C-B14F-4CF9-8559-6010ED4D0292}"
EndProject
Project("{FAE04EC0-301F-11D3-BF4B-00C04F79EFBC}") = "Application", "Application\Application.csproj", "{0CADA375-9276-4EBA-8A06-A282A597F3D8}"
EndProject
Project("{FAE04EC0-301F-11D3-BF4B-00C04F79EFBC}") = "Infrastructure", "Infrastructure\Infrastructure.csproj", "{D7345822-0539-473B-AC7D-2FF65E685206}"
EndProject
Project("{FAE04EC0-301F-11D3-BF4B-00C04F79EFBC}") = "Functions", "Functions\Functions.csproj", "{075CF854-3AD5-490C-B2CF-ACE9434CDC28}"
EndProject
Project("{FAE04EC0-301F-11D3-BF4B-00C04F79EFBC}") = "Requirements", "Requirements\Requirements.csproj", "{A14681D5-E425-4FCD-869F-9C3ED3EC9A47}"
EndProject
Global
	GlobalSection(SolutionConfigurationPlatforms) = preSolution
		Debug|Any CPU = Debug|Any CPU
		Release|Any CPU = Release|Any CPU
	EndGlobalSection
	GlobalSection(SolutionProperties) = preSolution
		HideSolutionNode = FALSE
	EndGlobalSection
	GlobalSection(ProjectConfigurationPlatforms) = postSolution
		{78C74FC0-58AD-415D-93AB-0D2A9AEF5CD1}.Debug|Any CPU.ActiveCfg = Debug|Any CPU
		{78C74FC0-58AD-415D-93AB-0D2A9AEF5CD1}.Debug|Any CPU.Build.0 = Debug|Any CPU
		{78C74FC0-58AD-415D-93AB-0D2A9AEF5CD1}.Release|Any CPU.ActiveCfg = Release|Any CPU
		{78C74FC0-58AD-415D-93AB-0D2A9AEF5CD1}.Release|Any CPU.Build.0 = Release|Any CPU
		{2FEEE04C-B14F-4CF9-8559-6010ED4D0292}.Debug|Any CPU.ActiveCfg = Debug|Any CPU
		{2FEEE04C-B14F-4CF9-8559-6010ED4D0292}.Debug|Any CPU.Build.0 = Debug|Any CPU
		{2FEEE04C-B14F-4CF9-8559-6010ED4D0292}.Release|Any CPU.ActiveCfg = Release|Any CPU
		{2FEEE04C-B14F-4CF9-8559-6010ED4D0292}.Release|Any CPU.Build.0 = Release|Any CPU
		{0CADA375-9276-4EBA-8A06-A282A597F3D8}.Debug|Any CPU.ActiveCfg = Debug|Any CPU
		{0CADA375-9276-4EBA-8A06-A282A597F3D8}.Debug|Any CPU.Build.0 = Debug|Any CPU
		{0CADA375-9276-4EBA-8A06-A282A597F3D8}.Release|Any CPU.ActiveCfg = Release|Any CPU
		{0CADA375-9276-4EBA-8A06-A282A597F3D8}.Release|Any CPU.Build.0 = Release|Any CPU
		{D7345822-0539-473B-AC7D-2FF65E685206}.Debug|Any CPU.ActiveCfg = Debug|Any CPU
		{D7345822-0539-473B-AC7D-2FF65E685206}.Debug|Any CPU.Build.0 = Debug|Any CPU
		{D7345822-0539-473B-AC7D-2FF65E685206}.Release|Any CPU.ActiveCfg = Release|Any CPU
		{D7345822-0539-473B-AC7D-2FF65E685206}.Release|Any CPU.Build.0 = Release|Any CPU
		{075CF854-3AD5-490C-B2CF-ACE9434CDC28}.Debug|Any CPU.ActiveCfg = Debug|Any CPU
		{075CF854-3AD5-490C-B2CF-ACE9434CDC28}.Debug|Any CPU.Build.0 = Debug|Any CPU
		{075CF854-3AD5-490C-B2CF-ACE9434CDC28}.Release|Any CPU.ActiveCfg = Release|Any CPU
		{075CF854-3AD5-490C-B2CF-ACE9434CDC28}.Release|Any CPU.Build.0 = Release|Any CPU
		{A14681D5-E425-4FCD-869F-9C3ED3EC9A47}.Debug|Any CPU.ActiveCfg = Debug|Any CPU
		{A14681D5-E425-4FCD-869F-9C3ED3EC9A47}.Debug|Any CPU.Build.0 = Debug|Any CPU
		{A14681D5-E425-4FCD-869F-9C3ED3EC9A47}.Release|Any CPU.ActiveCfg = Release|Any CPU
		{A14681D5-E425-4FCD-869F-9C3ED3EC9A47}.Release|Any CPU.Build.0 = Release|Any CPU
	EndGlobalSection
	GlobalSection(NestedProjects) = preSolution
	EndGlobalSection
EndGlobal
